
Microsoft Visual Studio Solution File, Format Version 12.00
Project("{FAE04EC0-301F-11D3-BF4B-00C04F79EFBC}") = "SIUnitsParser", "SIUnitsParser\SIUnitsParser.csproj", "{F1DAF133-5E83-4060-B722-6B0C786844EB}"
EndProject
Project("{FAE04EC0-301F-11D3-BF4B-00C04F79EFBC}") = "SIunitParser.CLI", "SIunitParser.CLI\SIunitParser.CLI.csproj", "{2900B1EA-4625-428A-AFB7-C52855EA4723}"
EndProject
Global
	GlobalSection(SolutionConfigurationPlatforms) = preSolution
		Debug|Any CPU = Debug|Any CPU
		Release|Any CPU = Release|Any CPU
	EndGlobalSection
	GlobalSection(ProjectConfigurationPlatforms) = postSolution
		{F1DAF133-5E83-4060-B722-6B0C786844EB}.Debug|Any CPU.ActiveCfg = Debug|Any CPU
		{F1DAF133-5E83-4060-B722-6B0C786844EB}.Debug|Any CPU.Build.0 = Debug|Any CPU
		{F1DAF133-5E83-4060-B722-6B0C786844EB}.Release|Any CPU.ActiveCfg = Release|Any CPU
		{F1DAF133-5E83-4060-B722-6B0C786844EB}.Release|Any CPU.Build.0 = Release|Any CPU
		{2900B1EA-4625-428A-AFB7-C52855EA4723}.Debug|Any CPU.ActiveCfg = Debug|Any CPU
		{2900B1EA-4625-428A-AFB7-C52855EA4723}.Debug|Any CPU.Build.0 = Debug|Any CPU
		{2900B1EA-4625-428A-AFB7-C52855EA4723}.Release|Any CPU.ActiveCfg = Release|Any CPU
		{2900B1EA-4625-428A-AFB7-C52855EA4723}.Release|Any CPU.Build.0 = Release|Any CPU
	EndGlobalSection
EndGlobal
